
Microsoft Visual Studio Solution File, Format Version 12.00
# Visual Studio Version 17
Project("{8BC9CEB8-8B4A-11D0-8D11-00A0C91BC942}") = "ALL_BUILD", "ALL_BUILD.vcxproj", "{D53C66DF-B9C2-39AB-B279-199F201A98D1}"
	ProjectSection(ProjectDependencies) = postProject
		{CBE93D1A-0C73-3994-8B31-034090B0692C} = {CBE93D1A-0C73-3994-8B31-034090B0692C}
		{15BD962F-1142-3577-B534-04B406507A91} = {15BD962F-1142-3577-B534-04B406507A91}
		{3AA62E77-8B13-3EFC-9EC3-5D73F154829F} = {3AA62E77-8B13-3EFC-9EC3-5D73F154829F}
		{FF990A28-62FB-35DD-9500-C0178CFA55B7} = {FF990A28-62FB-35DD-9500-C0178CFA55B7}
		{BD65C82A-E167-34DD-8FFB-A987265FA0A9} = {BD65C82A-E167-34DD-8FFB-A987265FA0A9}
	EndProjectSection
EndProject
Project("{8BC9CEB8-8B4A-11D0-8D11-00A0C91BC942}") = "INSTALL", "INSTALL.vcxproj", "{93014B16-3F49-340E-B493-93C342D3806A}"
	ProjectSection(ProjectDependencies) = postProject
		{D53C66DF-B9C2-39AB-B279-199F201A98D1} = {D53C66DF-B9C2-39AB-B279-199F201A98D1}
		{3AA62E77-8B13-3EFC-9EC3-5D73F154829F} = {3AA62E77-8B13-3EFC-9EC3-5D73F154829F}
	EndProjectSection
EndProject
Project("{8BC9CEB8-8B4A-11D0-8D11-00A0C91BC942}") = "SDL2-static", "_deps\sdl2-build\SDL2-static.vcxproj", "{CBE93D1A-0C73-3994-8B31-034090B0692C}"
	ProjectSection(ProjectDependencies) = postProject
		{3AA62E77-8B13-3EFC-9EC3-5D73F154829F} = {3AA62E77-8B13-3EFC-9EC3-5D73F154829F}
		{FF6E9437-CBB1-3F62-B118-1B5C2A3A0DDA} = {FF6E9437-CBB1-3F62-B118-1B5C2A3A0DDA}
	EndProjectSection
EndProject
Project("{8BC9CEB8-8B4A-11D0-8D11-00A0C91BC942}") = "SDL2main", "_deps\sdl2-build\SDL2main.vcxproj", "{15BD962F-1142-3577-B534-04B406507A91}"
	ProjectSection(ProjectDependencies) = postProject
		{3AA62E77-8B13-3EFC-9EC3-5D73F154829F} = {3AA62E77-8B13-3EFC-9EC3-5D73F154829F}
		{FF6E9437-CBB1-3F62-B118-1B5C2A3A0DDA} = {FF6E9437-CBB1-3F62-B118-1B5C2A3A0DDA}
	EndProjectSection
EndProject
Project("{8BC9CEB8-8B4A-11D0-8D11-00A0C91BC942}") = "ZERO_CHECK", "ZERO_CHECK.vcxproj", "{3AA62E77-8B13-3EFC-9EC3-5D73F154829F}"
	ProjectSection(ProjectDependencies) = postProject
	EndProjectSection
EndProject
Project("{8BC9CEB8-8B4A-11D0-8D11-00A0C91BC942}") = "lvgl", "lvgl\lvgl.vcxproj", "{FF990A28-62FB-35DD-9500-C0178CFA55B7}"
	ProjectSection(ProjectDependencies) = postProject
		{3C8C80A4-368C-32B9-A027-308537962669} = {3C8C80A4-368C-32B9-A027-308537962669}
	EndProjectSection
EndProject
Project("{8BC9CEB8-8B4A-11D0-8D11-00A0C91BC942}") = "lvgl_demos", "lvgl\lvgl_demos.vcxproj", "{F19D66B6-374F-3E66-BE3F-FB29BB94F907}"
	ProjectSection(ProjectDependencies) = postProject
		{3AA62E77-8B13-3EFC-9EC3-5D73F154829F} = {3AA62E77-8B13-3EFC-9EC3-5D73F154829F}
	EndProjectSection
EndProject
Project("{8BC9CEB8-8B4A-11D0-8D11-00A0C91BC942}") = "lvgl_examples", "lvgl\lvgl_examples.vcxproj", "{612EE964-B519-3FB7-89F1-543F00905C0F}"
	ProjectSection(ProjectDependencies) = postProject
		{F19D66B6-374F-3E66-BE3F-FB29BB94F907} = {F19D66B6-374F-3E66-BE3F-FB29BB94F907}
	EndProjectSection
EndProject
Project("{8BC9CEB8-8B4A-11D0-8D11-00A0C91BC942}") = "lvgl_thorvg", "lvgl\lvgl_thorvg.vcxproj", "{3C8C80A4-368C-32B9-A027-308537962669}"
	ProjectSection(ProjectDependencies) = postProject
		{612EE964-B519-3FB7-89F1-543F00905C0F} = {612EE964-B519-3FB7-89F1-543F00905C0F}
	EndProjectSection
EndProject
Project("{8BC9CEB8-8B4A-11D0-8D11-00A0C91BC942}") = "main", "main.vcxproj", "{BD65C82A-E167-34DD-8FFB-A987265FA0A9}"
	ProjectSection(ProjectDependencies) = postProject
		{CBE93D1A-0C73-3994-8B31-034090B0692C} = {CBE93D1A-0C73-3994-8B31-034090B0692C}
		{15BD962F-1142-3577-B534-04B406507A91} = {15BD962F-1142-3577-B534-04B406507A91}
		{3AA62E77-8B13-3EFC-9EC3-5D73F154829F} = {3AA62E77-8B13-3EFC-9EC3-5D73F154829F}
		{FF990A28-62FB-35DD-9500-C0178CFA55B7} = {FF990A28-62FB-35DD-9500-C0178CFA55B7}
	EndProjectSection
EndProject
Project("{8BC9CEB8-8B4A-11D0-8D11-00A0C91BC942}") = "run", "run.vcxproj", "{013693D8-C8C3-3535-9961-7600AC943C80}"
	ProjectSection(ProjectDependencies) = postProject
		{3AA62E77-8B13-3EFC-9EC3-5D73F154829F} = {3AA62E77-8B13-3EFC-9EC3-5D73F154829F}
		{BD65C82A-E167-34DD-8FFB-A987265FA0A9} = {BD65C82A-E167-34DD-8FFB-A987265FA0A9}
	EndProjectSection
EndProject
Project("{8BC9CEB8-8B4A-11D0-8D11-00A0C91BC942}") = "sdl_headers_copy", "_deps\sdl2-build\sdl_headers_copy.vcxproj", "{FF6E9437-CBB1-3F62-B118-1B5C2A3A0DDA}"
	ProjectSection(ProjectDependencies) = postProject
		{3AA62E77-8B13-3EFC-9EC3-5D73F154829F} = {3AA62E77-8B13-3EFC-9EC3-5D73F154829F}
	EndProjectSection
EndProject
Project("{8BC9CEB8-8B4A-11D0-8D11-00A0C91BC942}") = "uninstall", "_deps\sdl2-build\uninstall.vcxproj", "{8190CDA9-4BC0-3F7C-A1C7-3D92EB845C2E}"
	ProjectSection(ProjectDependencies) = postProject
		{3AA62E77-8B13-3EFC-9EC3-5D73F154829F} = {3AA62E77-8B13-3EFC-9EC3-5D73F154829F}
	EndProjectSection
EndProject
Global
	GlobalSection(SolutionConfigurationPlatforms) = preSolution
		Debug|x64 = Debug|x64
		Release|x64 = Release|x64
		MinSizeRel|x64 = MinSizeRel|x64
		RelWithDebInfo|x64 = RelWithDebInfo|x64
	EndGlobalSection
	GlobalSection(ProjectConfigurationPlatforms) = postSolution
		{D53C66DF-B9C2-39AB-B279-199F201A98D1}.Debug|x64.ActiveCfg = Debug|x64
		{D53C66DF-B9C2-39AB-B279-199F201A98D1}.Debug|x64.Build.0 = Debug|x64
		{D53C66DF-B9C2-39AB-B279-199F201A98D1}.Release|x64.ActiveCfg = Release|x64
		{D53C66DF-B9C2-39AB-B279-199F201A98D1}.Release|x64.Build.0 = Release|x64
		{D53C66DF-B9C2-39AB-B279-199F201A98D1}.MinSizeRel|x64.ActiveCfg = MinSizeRel|x64
		{D53C66DF-B9C2-39AB-B279-199F201A98D1}.MinSizeRel|x64.Build.0 = MinSizeRel|x64
		{D53C66DF-B9C2-39AB-B279-199F201A98D1}.RelWithDebInfo|x64.ActiveCfg = RelWithDebInfo|x64
		{D53C66DF-B9C2-39AB-B279-199F201A98D1}.RelWithDebInfo|x64.Build.0 = RelWithDebInfo|x64
		{93014B16-3F49-340E-B493-93C342D3806A}.Debug|x64.ActiveCfg = Debug|x64
		{93014B16-3F49-340E-B493-93C342D3806A}.Release|x64.ActiveCfg = Release|x64
		{93014B16-3F49-340E-B493-93C342D3806A}.MinSizeRel|x64.ActiveCfg = MinSizeRel|x64
		{93014B16-3F49-340E-B493-93C342D3806A}.RelWithDebInfo|x64.ActiveCfg = RelWithDebInfo|x64
		{CBE93D1A-0C73-3994-8B31-034090B0692C}.Debug|x64.ActiveCfg = Debug|x64
		{CBE93D1A-0C73-3994-8B31-034090B0692C}.Debug|x64.Build.0 = Debug|x64
		{CBE93D1A-0C73-3994-8B31-034090B0692C}.Release|x64.ActiveCfg = Release|x64
		{CBE93D1A-0C73-3994-8B31-034090B0692C}.Release|x64.Build.0 = Release|x64
		{CBE93D1A-0C73-3994-8B31-034090B0692C}.MinSizeRel|x64.ActiveCfg = MinSizeRel|x64
		{CBE93D1A-0C73-3994-8B31-034090B0692C}.MinSizeRel|x64.Build.0 = MinSizeRel|x64
		{CBE93D1A-0C73-3994-8B31-034090B0692C}.RelWithDebInfo|x64.ActiveCfg = RelWithDebInfo|x64
		{CBE93D1A-0C73-3994-8B31-034090B0692C}.RelWithDebInfo|x64.Build.0 = RelWithDebInfo|x64
		{15BD962F-1142-3577-B534-04B406507A91}.Debug|x64.ActiveCfg = Debug|x64
		{15BD962F-1142-3577-B534-04B406507A91}.Debug|x64.Build.0 = Debug|x64
		{15BD962F-1142-3577-B534-04B406507A91}.Release|x64.ActiveCfg = Release|x64
		{15BD962F-1142-3577-B534-04B406507A91}.Release|x64.Build.0 = Release|x64
		{15BD962F-1142-3577-B534-04B406507A91}.MinSizeRel|x64.ActiveCfg = MinSizeRel|x64
		{15BD962F-1142-3577-B534-04B406507A91}.MinSizeRel|x64.Build.0 = MinSizeRel|x64
		{15BD962F-1142-3577-B534-04B406507A91}.RelWithDebInfo|x64.ActiveCfg = RelWithDebInfo|x64
		{15BD962F-1142-3577-B534-04B406507A91}.RelWithDebInfo|x64.Build.0 = RelWithDebInfo|x64
		{3AA62E77-8B13-3EFC-9EC3-5D73F154829F}.Debug|x64.ActiveCfg = Debug|x64
		{3AA62E77-8B13-3EFC-9EC3-5D73F154829F}.Debug|x64.Build.0 = Debug|x64
		{3AA62E77-8B13-3EFC-9EC3-5D73F154829F}.Release|x64.ActiveCfg = Release|x64
		{3AA62E77-8B13-3EFC-9EC3-5D73F154829F}.Release|x64.Build.0 = Release|x64
		{3AA62E77-8B13-3EFC-9EC3-5D73F154829F}.MinSizeRel|x64.ActiveCfg = MinSizeRel|x64
		{3AA62E77-8B13-3EFC-9EC3-5D73F154829F}.MinSizeRel|x64.Build.0 = MinSizeRel|x64
		{3AA62E77-8B13-3EFC-9EC3-5D73F154829F}.RelWithDebInfo|x64.ActiveCfg = RelWithDebInfo|x64
		{3AA62E77-8B13-3EFC-9EC3-5D73F154829F}.RelWithDebInfo|x64.Build.0 = RelWithDebInfo|x64
		{FF990A28-62FB-35DD-9500-C0178CFA55B7}.Debug|x64.ActiveCfg = Debug|x64
		{FF990A28-62FB-35DD-9500-C0178CFA55B7}.Debug|x64.Build.0 = Debug|x64
		{FF990A28-62FB-35DD-9500-C0178CFA55B7}.Release|x64.ActiveCfg = Release|x64
		{FF990A28-62FB-35DD-9500-C0178CFA55B7}.Release|x64.Build.0 = Release|x64
		{FF990A28-62FB-35DD-9500-C0178CFA55B7}.MinSizeRel|x64.ActiveCfg = MinSizeRel|x64
		{FF990A28-62FB-35DD-9500-C0178CFA55B7}.MinSizeRel|x64.Build.0 = MinSizeRel|x64
		{FF990A28-62FB-35DD-9500-C0178CFA55B7}.RelWithDebInfo|x64.ActiveCfg = RelWithDebInfo|x64
		{FF990A28-62FB-35DD-9500-C0178CFA55B7}.RelWithDebInfo|x64.Build.0 = RelWithDebInfo|x64
		{F19D66B6-374F-3E66-BE3F-FB29BB94F907}.Debug|x64.ActiveCfg = Debug|x64
		{F19D66B6-374F-3E66-BE3F-FB29BB94F907}.Debug|x64.Build.0 = Debug|x64
		{F19D66B6-374F-3E66-BE3F-FB29BB94F907}.Release|x64.ActiveCfg = Release|x64
		{F19D66B6-374F-3E66-BE3F-FB29BB94F907}.Release|x64.Build.0 = Release|x64
		{F19D66B6-374F-3E66-BE3F-FB29BB94F907}.MinSizeRel|x64.ActiveCfg = MinSizeRel|x64
		{F19D66B6-374F-3E66-BE3F-FB29BB94F907}.MinSizeRel|x64.Build.0 = MinSizeRel|x64
		{F19D66B6-374F-3E66-BE3F-FB29BB94F907}.RelWithDebInfo|x64.ActiveCfg = RelWithDebInfo|x64
		{F19D66B6-374F-3E66-BE3F-FB29BB94F907}.RelWithDebInfo|x64.Build.0 = RelWithDebInfo|x64
		{612EE964-B519-3FB7-89F1-543F00905C0F}.Debug|x64.ActiveCfg = Debug|x64
		{612EE964-B519-3FB7-89F1-543F00905C0F}.Debug|x64.Build.0 = Debug|x64
		{612EE964-B519-3FB7-89F1-543F00905C0F}.Release|x64.ActiveCfg = Release|x64
		{612EE964-B519-3FB7-89F1-543F00905C0F}.Release|x64.Build.0 = Release|x64
		{612EE964-B519-3FB7-89F1-543F00905C0F}.MinSizeRel|x64.ActiveCfg = MinSizeRel|x64
		{612EE964-B519-3FB7-89F1-543F00905C0F}.MinSizeRel|x64.Build.0 = MinSizeRel|x64
		{612EE964-B519-3FB7-89F1-543F00905C0F}.RelWithDebInfo|x64.ActiveCfg = RelWithDebInfo|x64
		{612EE964-B519-3FB7-89F1-543F00905C0F}.RelWithDebInfo|x64.Build.0 = RelWithDebInfo|x64
		{3C8C80A4-368C-32B9-A027-308537962669}.Debug|x64.ActiveCfg = Debug|x64
		{3C8C80A4-368C-32B9-A027-308537962669}.Debug|x64.Build.0 = Debug|x64
		{3C8C80A4-368C-32B9-A027-308537962669}.Release|x64.ActiveCfg = Release|x64
		{3C8C80A4-368C-32B9-A027-308537962669}.Release|x64.Build.0 = Release|x64
		{3C8C80A4-368C-32B9-A027-308537962669}.MinSizeRel|x64.ActiveCfg = MinSizeRel|x64
		{3C8C80A4-368C-32B9-A027-308537962669}.MinSizeRel|x64.Build.0 = MinSizeRel|x64
		{3C8C80A4-368C-32B9-A027-308537962669}.RelWithDebInfo|x64.ActiveCfg = RelWithDebInfo|x64
		{3C8C80A4-368C-32B9-A027-308537962669}.RelWithDebInfo|x64.Build.0 = RelWithDebInfo|x64
		{BD65C82A-E167-34DD-8FFB-A987265FA0A9}.Debug|x64.ActiveCfg = Debug|x64
		{BD65C82A-E167-34DD-8FFB-A987265FA0A9}.Debug|x64.Build.0 = Debug|x64
		{BD65C82A-E167-34DD-8FFB-A987265FA0A9}.Release|x64.ActiveCfg = Release|x64
		{BD65C82A-E167-34DD-8FFB-A987265FA0A9}.Release|x64.Build.0 = Release|x64
		{BD65C82A-E167-34DD-8FFB-A987265FA0A9}.MinSizeRel|x64.ActiveCfg = MinSizeRel|x64
		{BD65C82A-E167-34DD-8FFB-A987265FA0A9}.MinSizeRel|x64.Build.0 = MinSizeRel|x64
		{BD65C82A-E167-34DD-8FFB-A987265FA0A9}.RelWithDebInfo|x64.ActiveCfg = RelWithDebInfo|x64
		{BD65C82A-E167-34DD-8FFB-A987265FA0A9}.RelWithDebInfo|x64.Build.0 = RelWithDebInfo|x64
		{013693D8-C8C3-3535-9961-7600AC943C80}.Debug|x64.ActiveCfg = Debug|x64
		{013693D8-C8C3-3535-9961-7600AC943C80}.Release|x64.ActiveCfg = Release|x64
		{013693D8-C8C3-3535-9961-7600AC943C80}.MinSizeRel|x64.ActiveCfg = MinSizeRel|x64
		{013693D8-C8C3-3535-9961-7600AC943C80}.RelWithDebInfo|x64.ActiveCfg = RelWithDebInfo|x64
		{FF6E9437-CBB1-3F62-B118-1B5C2A3A0DDA}.Debug|x64.ActiveCfg = Debug|x64
		{FF6E9437-CBB1-3F62-B118-1B5C2A3A0DDA}.Debug|x64.Build.0 = Debug|x64
		{FF6E9437-CBB1-3F62-B118-1B5C2A3A0DDA}.Release|x64.ActiveCfg = Release|x64
		{FF6E9437-CBB1-3F62-B118-1B5C2A3A0DDA}.Release|x64.Build.0 = Release|x64
		{FF6E9437-CBB1-3F62-B118-1B5C2A3A0DDA}.MinSizeRel|x64.ActiveCfg = MinSizeRel|x64
		{FF6E9437-CBB1-3F62-B118-1B5C2A3A0DDA}.MinSizeRel|x64.Build.0 = MinSizeRel|x64
		{FF6E9437-CBB1-3F62-B118-1B5C2A3A0DDA}.RelWithDebInfo|x64.ActiveCfg = RelWithDebInfo|x64
		{FF6E9437-CBB1-3F62-B118-1B5C2A3A0DDA}.RelWithDebInfo|x64.Build.0 = RelWithDebInfo|x64
		{8190CDA9-4BC0-3F7C-A1C7-3D92EB845C2E}.Debug|x64.ActiveCfg = Debug|x64
		{8190CDA9-4BC0-3F7C-A1C7-3D92EB845C2E}.Release|x64.ActiveCfg = Release|x64
		{8190CDA9-4BC0-3F7C-A1C7-3D92EB845C2E}.MinSizeRel|x64.ActiveCfg = MinSizeRel|x64
		{8190CDA9-4BC0-3F7C-A1C7-3D92EB845C2E}.RelWithDebInfo|x64.ActiveCfg = RelWithDebInfo|x64
	EndGlobalSection
	GlobalSection(ExtensibilityGlobals) = postSolution
		SolutionGuid = {934EC739-226D-3029-B5BB-E6D0D4702207}
	EndGlobalSection
	GlobalSection(ExtensibilityAddIns) = postSolution
	EndGlobalSection
EndGlobal
