<?xml version="1.0" encoding="utf-8"?>
<Project ToolsVersion="17.0" xmlns="http://schemas.microsoft.com/developer/msbuild/2003">
  <ItemGroup>
    <ClCompile Include="C:\Users\JYM-DSN\Willielectrical\lv_port_pc_vscode\src\mouse_cursor_icon.c">
      <Filter>Source Files</Filter>
    </ClCompile>
    <ClCompile Include="C:\Users\JYM-DSN\Willielectrical\lv_port_pc_vscode\src\hal\hal.c">
      <Filter>Source Files</Filter>
    </ClCompile>
    <ClCompile Include="C:\Users\JYM-DSN\Willielectrical\components\ui_app\app\app_ui.c">
      <Filter>Source Files</Filter>
    </ClCompile>
    <ClCompile Include="C:\Users\JYM-DSN\Willielectrical\components\ui_app\assets\images\bg_png.c">
      <Filter>Source Files</Filter>
    </ClCompile>
    <ClCompile Include="C:\Users\JYM-DSN\Willielectrical\components\ui_app\ui\screens\ui_home.c">
      <Filter>Source Files</Filter>
    </ClCompile>
    <ClCompile Include="C:\Users\JYM-DSN\Willielectrical\components\ui_app\ui\widgets\willi_start_btn.c">
      <Filter>Source Files</Filter>
    </ClCompile>
    <ClCompile Include="C:\Users\JYM-DSN\Willielectrical\lv_port_pc_vscode\src\main.c">
      <Filter>Source Files</Filter>
    </ClCompile>
  </ItemGroup>
  <ItemGroup>
    <CustomBuild Include="C:\Users\JYM-DSN\Willielectrical\lv_port_pc_vscode\CMakeLists.txt" />
  </ItemGroup>
  <ItemGroup>
    <Filter Include="Source Files">
      <UniqueIdentifier>{D84E510F-2321-391C-B908-409AB86125F2}</UniqueIdentifier>
    </Filter>
  </ItemGroup>
</Project>
